// !$*UTF8*$!
{
	archiveVersion = 1;
	classes = {
	};
	objectVersion = 55;
	objects = {

/* Begin PBXBuildFile section */
		6BACD31A27FA15D900FFDDC5 /* AppDelegate.swift in Sources */ = {isa = PBXBuildFile; fileRef = 6BACD31927FA15D900FFDDC5 /* AppDelegate.swift */; };
		6BACD31C27FA15D900FFDDC5 /* SceneDelegate.swift in Sources */ = {isa = PBXBuildFile; fileRef = 6BACD31B27FA15D900FFDDC5 /* SceneDelegate.swift */; };
		6BACD31E27FA15D900FFDDC5 /* ViewController.swift in Sources */ = {isa = PBXBuildFile; fileRef = 6BACD31D27FA15D900FFDDC5 /* ViewController.swift */; };
		6BACD32327FA15DB00FFDDC5 /* Assets.xcassets in Resources */ = {isa = PBXBuildFile; fileRef = 6BACD32227FA15DB00FFDDC5 /* Assets.xcassets */; };
		6BACD32627FA15DB00FFDDC5 /* LaunchScreen.storyboard in Resources */ = {isa = PBXBuildFile; fileRef = 6BACD32427FA15DB00FFDDC5 /* LaunchScreen.storyboard */; };
		6BACD33627FA1C4400FFDDC5 /* TDCViewDTO.swift in Sources */ = {isa = PBXBuildFile; fileRef = 6BACD33527FA1C4400FFDDC5 /* TDCViewDTO.swift */; };
		6BACD33927FA1CDD00FFDDC5 /* TDCViewConfigurationDTO.swift in Sources */ = {isa = PBXBuildFile; fileRef = 6BACD33827FA1CDD00FFDDC5 /* TDCViewConfigurationDTO.swift */; };
		6BACD33E27FA1E1F00FFDDC5 /* TDCView.swift in Sources */ = {isa = PBXBuildFile; fileRef = 6BACD33D27FA1E1F00FFDDC5 /* TDCView.swift */; };
		6BACD34027FA1E3000FFDDC5 /* TDCViewConfiguration.swift in Sources */ = {isa = PBXBuildFile; fileRef = 6BACD33F27FA1E3000FFDDC5 /* TDCViewConfiguration.swift */; };
		6BACD34227FA1E8B00FFDDC5 /* TDCViewUIExtensions.swift in Sources */ = {isa = PBXBuildFile; fileRef = 6BACD34127FA1E8B00FFDDC5 /* TDCViewUIExtensions.swift */; };
		6BACD34527FA218800FFDDC5 /* UIColor.swift in Sources */ = {isa = PBXBuildFile; fileRef = 6BACD34427FA218800FFDDC5 /* UIColor.swift */; };
		6BACD34A27FBAB1400FFDDC5 /* TDCEdgeConstaint.swift in Sources */ = {isa = PBXBuildFile; fileRef = 6BACD34927FBAB1400FFDDC5 /* TDCEdgeConstaint.swift */; };
		6BACD34C27FBABFB00FFDDC5 /* TDCSizeConstaint.swift in Sources */ = {isa = PBXBuildFile; fileRef = 6BACD34B27FBABFB00FFDDC5 /* TDCSizeConstaint.swift */; };
		6BACD34E27FBAC7E00FFDDC5 /* TDCSideConstaint.swift in Sources */ = {isa = PBXBuildFile; fileRef = 6BACD34D27FBAC7E00FFDDC5 /* TDCSideConstaint.swift */; };
		6BACD35027FBACF200FFDDC5 /* TDCConstaint+Resolvable.swift in Sources */ = {isa = PBXBuildFile; fileRef = 6BACD34F27FBACF200FFDDC5 /* TDCConstaint+Resolvable.swift */; };
		6BACD35227FBB05300FFDDC5 /* TDCView+ConstaintsResolver.swift in Sources */ = {isa = PBXBuildFile; fileRef = 6BACD35127FBB05300FFDDC5 /* TDCView+ConstaintsResolver.swift */; };
		6BACD35727FBB4D100FFDDC5 /* TDCConstaintDTO.swift in Sources */ = {isa = PBXBuildFile; fileRef = 6BACD35627FBB4D100FFDDC5 /* TDCConstaintDTO.swift */; };
		6BACD35927FBB67600FFDDC5 /* TDCEdgeConstaintDTO.swift in Sources */ = {isa = PBXBuildFile; fileRef = 6BACD35827FBB67600FFDDC5 /* TDCEdgeConstaintDTO.swift */; };
		6BACD35B27FBB68E00FFDDC5 /* TDCSideConstaintDTO.swift in Sources */ = {isa = PBXBuildFile; fileRef = 6BACD35A27FBB68E00FFDDC5 /* TDCSideConstaintDTO.swift */; };
		6BACD35D27FBB69800FFDDC5 /* TDCSizeConstaintDTO.swift in Sources */ = {isa = PBXBuildFile; fileRef = 6BACD35C27FBB69700FFDDC5 /* TDCSizeConstaintDTO.swift */; };
		6BC526B527FD18B70019BE5D /* TDCConstraintConverter.swift in Sources */ = {isa = PBXBuildFile; fileRef = 6BC526B427FD18B70019BE5D /* TDCConstraintConverter.swift */; };
		6BC526B827FD24850019BE5D /* LayoutRequestService.swift in Sources */ = {isa = PBXBuildFile; fileRef = 6BC526B727FD24850019BE5D /* LayoutRequestService.swift */; };
		6BC526BB27FD25100019BE5D /* Alamofire in Frameworks */ = {isa = PBXBuildFile; productRef = 6BC526BA27FD25100019BE5D /* Alamofire */; };
/* End PBXBuildFile section */

/* Begin PBXFileReference section */
		6BACD31627FA15D900FFDDC5 /* Thesis dynamic content.app */ = {isa = PBXFileReference; explicitFileType = wrapper.application; includeInIndex = 0; path = "Thesis dynamic content.app"; sourceTree = BUILT_PRODUCTS_DIR; };
		6BACD31927FA15D900FFDDC5 /* AppDelegate.swift */ = {isa = PBXFileReference; lastKnownFileType = sourcecode.swift; path = AppDelegate.swift; sourceTree = "<group>"; };
		6BACD31B27FA15D900FFDDC5 /* SceneDelegate.swift */ = {isa = PBXFileReference; lastKnownFileType = sourcecode.swift; path = SceneDelegate.swift; sourceTree = "<group>"; };
		6BACD31D27FA15D900FFDDC5 /* ViewController.swift */ = {isa = PBXFileReference; lastKnownFileType = sourcecode.swift; path = ViewController.swift; sourceTree = "<group>"; };
		6BACD32227FA15DB00FFDDC5 /* Assets.xcassets */ = {isa = PBXFileReference; lastKnownFileType = folder.assetcatalog; path = Assets.xcassets; sourceTree = "<group>"; };
		6BACD32527FA15DB00FFDDC5 /* Base */ = {isa = PBXFileReference; lastKnownFileType = file.storyboard; name = Base; path = Base.lproj/LaunchScreen.storyboard; sourceTree = "<group>"; };
		6BACD32727FA15DB00FFDDC5 /* Info.plist */ = {isa = PBXFileReference; lastKnownFileType = text.plist.xml; path = Info.plist; sourceTree = "<group>"; };
		6BACD33527FA1C4400FFDDC5 /* TDCViewDTO.swift */ = {isa = PBXFileReference; lastKnownFileType = sourcecode.swift; path = TDCViewDTO.swift; sourceTree = "<group>"; };
		6BACD33827FA1CDD00FFDDC5 /* TDCViewConfigurationDTO.swift */ = {isa = PBXFileReference; lastKnownFileType = sourcecode.swift; path = TDCViewConfigurationDTO.swift; sourceTree = "<group>"; };
		6BACD33D27FA1E1F00FFDDC5 /* TDCView.swift */ = {isa = PBXFileReference; lastKnownFileType = sourcecode.swift; path = TDCView.swift; sourceTree = "<group>"; };
		6BACD33F27FA1E3000FFDDC5 /* TDCViewConfiguration.swift */ = {isa = PBXFileReference; lastKnownFileType = sourcecode.swift; path = TDCViewConfiguration.swift; sourceTree = "<group>"; };
		6BACD34127FA1E8B00FFDDC5 /* TDCViewUIExtensions.swift */ = {isa = PBXFileReference; lastKnownFileType = sourcecode.swift; path = TDCViewUIExtensions.swift; sourceTree = "<group>"; };
		6BACD34427FA218800FFDDC5 /* UIColor.swift */ = {isa = PBXFileReference; lastKnownFileType = sourcecode.swift; path = UIColor.swift; sourceTree = "<group>"; };
		6BACD34927FBAB1400FFDDC5 /* TDCEdgeConstaint.swift */ = {isa = PBXFileReference; lastKnownFileType = sourcecode.swift; path = TDCEdgeConstaint.swift; sourceTree = "<group>"; };
		6BACD34B27FBABFB00FFDDC5 /* TDCSizeConstaint.swift */ = {isa = PBXFileReference; lastKnownFileType = sourcecode.swift; path = TDCSizeConstaint.swift; sourceTree = "<group>"; };
		6BACD34D27FBAC7E00FFDDC5 /* TDCSideConstaint.swift */ = {isa = PBXFileReference; lastKnownFileType = sourcecode.swift; path = TDCSideConstaint.swift; sourceTree = "<group>"; };
		6BACD34F27FBACF200FFDDC5 /* TDCConstaint+Resolvable.swift */ = {isa = PBXFileReference; lastKnownFileType = sourcecode.swift; path = "TDCConstaint+Resolvable.swift"; sourceTree = "<group>"; };
		6BACD35127FBB05300FFDDC5 /* TDCView+ConstaintsResolver.swift */ = {isa = PBXFileReference; lastKnownFileType = sourcecode.swift; path = "TDCView+ConstaintsResolver.swift"; sourceTree = "<group>"; };
		6BACD35627FBB4D100FFDDC5 /* TDCConstaintDTO.swift */ = {isa = PBXFileReference; lastKnownFileType = sourcecode.swift; path = TDCConstaintDTO.swift; sourceTree = "<group>"; };
		6BACD35827FBB67600FFDDC5 /* TDCEdgeConstaintDTO.swift */ = {isa = PBXFileReference; lastKnownFileType = sourcecode.swift; path = TDCEdgeConstaintDTO.swift; sourceTree = "<group>"; };
		6BACD35A27FBB68E00FFDDC5 /* TDCSideConstaintDTO.swift */ = {isa = PBXFileReference; lastKnownFileType = sourcecode.swift; path = TDCSideConstaintDTO.swift; sourceTree = "<group>"; };
		6BACD35C27FBB69700FFDDC5 /* TDCSizeConstaintDTO.swift */ = {isa = PBXFileReference; lastKnownFileType = sourcecode.swift; path = TDCSizeConstaintDTO.swift; sourceTree = "<group>"; };
		6BC526B427FD18B70019BE5D /* TDCConstraintConverter.swift */ = {isa = PBXFileReference; lastKnownFileType = sourcecode.swift; path = TDCConstraintConverter.swift; sourceTree = "<group>"; };
		6BC526B727FD24850019BE5D /* LayoutRequestService.swift */ = {isa = PBXFileReference; lastKnownFileType = sourcecode.swift; path = LayoutRequestService.swift; sourceTree = "<group>"; };
/* End PBXFileReference section */

/* Begin PBXFrameworksBuildPhase section */
		6BACD31327FA15D900FFDDC5 /* Frameworks */ = {
			isa = PBXFrameworksBuildPhase;
			buildActionMask = 2147483647;
			files = (
				6BC526BB27FD25100019BE5D /* Alamofire in Frameworks */,
			);
			runOnlyForDeploymentPostprocessing = 0;
		};
/* End PBXFrameworksBuildPhase section */

/* Begin PBXGroup section */
		6BACD30D27FA15D900FFDDC5 = {
			isa = PBXGroup;
			children = (
				6BACD31827FA15D900FFDDC5 /* Thesis dynamic content */,
				6BACD31727FA15D900FFDDC5 /* Products */,
			);
			sourceTree = "<group>";
		};
		6BACD31727FA15D900FFDDC5 /* Products */ = {
			isa = PBXGroup;
			children = (
				6BACD31627FA15D900FFDDC5 /* Thesis dynamic content.app */,
			);
			name = Products;
			sourceTree = "<group>";
		};
		6BACD31827FA15D900FFDDC5 /* Thesis dynamic content */ = {
			isa = PBXGroup;
			children = (
				6BACD32D27FA18F100FFDDC5 /* Application */,
				6BACD33327FA1C3100FFDDC5 /* Source */,
				6BACD31D27FA15D900FFDDC5 /* ViewController.swift */,
			);
			path = "Thesis dynamic content";
			sourceTree = "<group>";
		};
		6BACD32D27FA18F100FFDDC5 /* Application */ = {
			isa = PBXGroup;
			children = (
				6BACD31927FA15D900FFDDC5 /* AppDelegate.swift */,
				6BACD31B27FA15D900FFDDC5 /* SceneDelegate.swift */,
				6BACD32227FA15DB00FFDDC5 /* Assets.xcassets */,
				6BACD32427FA15DB00FFDDC5 /* LaunchScreen.storyboard */,
				6BACD32727FA15DB00FFDDC5 /* Info.plist */,
			);
			path = Application;
			sourceTree = "<group>";
		};
		6BACD33327FA1C3100FFDDC5 /* Source */ = {
			isa = PBXGroup;
			children = (
				6BC526B627FD24680019BE5D /* Services */,
				6BACD33427FA1C3900FFDDC5 /* Models */,
				6BACD34327FA217D00FFDDC5 /* Extensions */,
			);
			path = Source;
			sourceTree = "<group>";
		};
		6BACD33427FA1C3900FFDDC5 /* Models */ = {
			isa = PBXGroup;
			children = (
				6BACD34627FBAAC800FFDDC5 /* TDCConstaint */,
				6BACD33727FA1C7A00FFDDC5 /* TDCView */,
			);
			path = Models;
			sourceTree = "<group>";
		};
		6BACD33727FA1C7A00FFDDC5 /* TDCView */ = {
			isa = PBXGroup;
			children = (
				6BACD35327FBB2DA00FFDDC5 /* TDCView+Constaint */,
				6BACD33B27FA1D1B00FFDDC5 /* Domain */,
				6BACD33A27FA1D1500FFDDC5 /* DTO */,
				6BACD34127FA1E8B00FFDDC5 /* TDCViewUIExtensions.swift */,
			);
			path = TDCView;
			sourceTree = "<group>";
		};
		6BACD33A27FA1D1500FFDDC5 /* DTO */ = {
			isa = PBXGroup;
			children = (
				6BACD33527FA1C4400FFDDC5 /* TDCViewDTO.swift */,
				6BACD33827FA1CDD00FFDDC5 /* TDCViewConfigurationDTO.swift */,
			);
			path = DTO;
			sourceTree = "<group>";
		};
		6BACD33B27FA1D1B00FFDDC5 /* Domain */ = {
			isa = PBXGroup;
			children = (
				6BACD33D27FA1E1F00FFDDC5 /* TDCView.swift */,
				6BACD33F27FA1E3000FFDDC5 /* TDCViewConfiguration.swift */,
			);
			path = Domain;
			sourceTree = "<group>";
		};
		6BACD34327FA217D00FFDDC5 /* Extensions */ = {
			isa = PBXGroup;
			children = (
				6BACD34427FA218800FFDDC5 /* UIColor.swift */,
			);
			path = Extensions;
			sourceTree = "<group>";
		};
		6BACD34627FBAAC800FFDDC5 /* TDCConstaint */ = {
			isa = PBXGroup;
			children = (
				6BACD34F27FBACF200FFDDC5 /* TDCConstaint+Resolvable.swift */,
				6BC526B227FD18910019BE5D /* Converters */,
				6BACD34827FBAAFC00FFDDC5 /* Domain */,
				6BACD34727FBAAF600FFDDC5 /* DTO */,
			);
			path = TDCConstaint;
			sourceTree = "<group>";
		};
		6BACD34727FBAAF600FFDDC5 /* DTO */ = {
			isa = PBXGroup;
			children = (
				6BACD35627FBB4D100FFDDC5 /* TDCConstaintDTO.swift */,
				6BACD35827FBB67600FFDDC5 /* TDCEdgeConstaintDTO.swift */,
				6BACD35A27FBB68E00FFDDC5 /* TDCSideConstaintDTO.swift */,
				6BACD35C27FBB69700FFDDC5 /* TDCSizeConstaintDTO.swift */,
			);
			path = DTO;
			sourceTree = "<group>";
		};
		6BACD34827FBAAFC00FFDDC5 /* Domain */ = {
			isa = PBXGroup;
			children = (
				6BACD34927FBAB1400FFDDC5 /* TDCEdgeConstaint.swift */,
				6BACD34B27FBABFB00FFDDC5 /* TDCSizeConstaint.swift */,
				6BACD34D27FBAC7E00FFDDC5 /* TDCSideConstaint.swift */,
			);
			path = Domain;
			sourceTree = "<group>";
		};
		6BACD35327FBB2DA00FFDDC5 /* TDCView+Constaint */ = {
			isa = PBXGroup;
			children = (
				6BACD35127FBB05300FFDDC5 /* TDCView+ConstaintsResolver.swift */,
			);
			path = "TDCView+Constaint";
			sourceTree = "<group>";
		};
		6BC526B227FD18910019BE5D /* Converters */ = {
			isa = PBXGroup;
			children = (
				6BC526B427FD18B70019BE5D /* TDCConstraintConverter.swift */,
			);
			path = Converters;
			sourceTree = "<group>";
		};
		6BC526B627FD24680019BE5D /* Services */ = {
			isa = PBXGroup;
			children = (
				6BC526B727FD24850019BE5D /* LayoutRequestService.swift */,
			);
			path = Services;
			sourceTree = "<group>";
		};
/* End PBXGroup section */

/* Begin PBXNativeTarget section */
		6BACD31527FA15D900FFDDC5 /* Thesis dynamic content */ = {
			isa = PBXNativeTarget;
			buildConfigurationList = 6BACD32A27FA15DB00FFDDC5 /* Build configuration list for PBXNativeTarget "Thesis dynamic content" */;
			buildPhases = (
				6BACD31227FA15D900FFDDC5 /* Sources */,
				6BACD31327FA15D900FFDDC5 /* Frameworks */,
				6BACD31427FA15D900FFDDC5 /* Resources */,
			);
			buildRules = (
			);
			dependencies = (
			);
			name = "Thesis dynamic content";
			packageProductDependencies = (
				6BC526BA27FD25100019BE5D /* Alamofire */,
			);
			productName = "Thesis dynamic content";
			productReference = 6BACD31627FA15D900FFDDC5 /* Thesis dynamic content.app */;
			productType = "com.apple.product-type.application";
		};
/* End PBXNativeTarget section */

/* Begin PBXProject section */
		6BACD30E27FA15D900FFDDC5 /* Project object */ = {
			isa = PBXProject;
			attributes = {
				BuildIndependentTargetsInParallel = 1;
				LastSwiftUpdateCheck = 1310;
				LastUpgradeCheck = 1310;
				TargetAttributes = {
					6BACD31527FA15D900FFDDC5 = {
						CreatedOnToolsVersion = 13.1;
					};
				};
			};
			buildConfigurationList = 6BACD31127FA15D900FFDDC5 /* Build configuration list for PBXProject "Thesis dynamic content" */;
			compatibilityVersion = "Xcode 13.0";
			developmentRegion = en;
			hasScannedForEncodings = 0;
			knownRegions = (
				en,
				Base,
			);
			mainGroup = 6BACD30D27FA15D900FFDDC5;
			packageReferences = (
				6BC526B927FD25100019BE5D /* XCRemoteSwiftPackageReference "Alamofire" */,
			);
			productRefGroup = 6BACD31727FA15D900FFDDC5 /* Products */;
			projectDirPath = "";
			projectRoot = "";
			targets = (
				6BACD31527FA15D900FFDDC5 /* Thesis dynamic content */,
			);
		};
/* End PBXProject section */

/* Begin PBXResourcesBuildPhase section */
		6BACD31427FA15D900FFDDC5 /* Resources */ = {
			isa = PBXResourcesBuildPhase;
			buildActionMask = 2147483647;
			files = (
				6BACD32627FA15DB00FFDDC5 /* LaunchScreen.storyboard in Resources */,
				6BACD32327FA15DB00FFDDC5 /* Assets.xcassets in Resources */,
			);
			runOnlyForDeploymentPostprocessing = 0;
		};
/* End PBXResourcesBuildPhase section */

/* Begin PBXSourcesBuildPhase section */
		6BACD31227FA15D900FFDDC5 /* Sources */ = {
			isa = PBXSourcesBuildPhase;
			buildActionMask = 2147483647;
			files = (
				6BACD35027FBACF200FFDDC5 /* TDCConstaint+Resolvable.swift in Sources */,
				6BACD34227FA1E8B00FFDDC5 /* TDCViewUIExtensions.swift in Sources */,
				6BACD34C27FBABFB00FFDDC5 /* TDCSizeConstaint.swift in Sources */,
				6BACD33E27FA1E1F00FFDDC5 /* TDCView.swift in Sources */,
				6BACD31E27FA15D900FFDDC5 /* ViewController.swift in Sources */,
				6BACD35727FBB4D100FFDDC5 /* TDCConstaintDTO.swift in Sources */,
				6BACD34A27FBAB1400FFDDC5 /* TDCEdgeConstaint.swift in Sources */,
				6BACD31A27FA15D900FFDDC5 /* AppDelegate.swift in Sources */,
				6BACD35B27FBB68E00FFDDC5 /* TDCSideConstaintDTO.swift in Sources */,
				6BACD34527FA218800FFDDC5 /* UIColor.swift in Sources */,
				6BACD35227FBB05300FFDDC5 /* TDCView+ConstaintsResolver.swift in Sources */,
				6BACD33627FA1C4400FFDDC5 /* TDCViewDTO.swift in Sources */,
				6BC526B527FD18B70019BE5D /* TDCConstraintConverter.swift in Sources */,
				6BC526B827FD24850019BE5D /* LayoutRequestService.swift in Sources */,
				6BACD34E27FBAC7E00FFDDC5 /* TDCSideConstaint.swift in Sources */,
				6BACD31C27FA15D900FFDDC5 /* SceneDelegate.swift in Sources */,
				6BACD33927FA1CDD00FFDDC5 /* TDCViewConfigurationDTO.swift in Sources */,
				6BACD35927FBB67600FFDDC5 /* TDCEdgeConstaintDTO.swift in Sources */,
				6BACD35D27FBB69800FFDDC5 /* TDCSizeConstaintDTO.swift in Sources */,
				6BACD34027FA1E3000FFDDC5 /* TDCViewConfiguration.swift in Sources */,
			);
			runOnlyForDeploymentPostprocessing = 0;
		};
/* End PBXSourcesBuildPhase section */

/* Begin PBXVariantGroup section */
		6BACD32427FA15DB00FFDDC5 /* LaunchScreen.storyboard */ = {
			isa = PBXVariantGroup;
			children = (
				6BACD32527FA15DB00FFDDC5 /* Base */,
			);
			name = LaunchScreen.storyboard;
			sourceTree = "<group>";
		};
/* End PBXVariantGroup section */

/* Begin XCBuildConfiguration section */
		6BACD32827FA15DB00FFDDC5 /* Debug */ = {
			isa = XCBuildConfiguration;
			buildSettings = {
				ALWAYS_SEARCH_USER_PATHS = NO;
				CLANG_ANALYZER_NONNULL = YES;
				CLANG_ANALYZER_NUMBER_OBJECT_CONVERSION = YES_AGGRESSIVE;
				CLANG_CXX_LANGUAGE_STANDARD = "gnu++17";
				CLANG_CXX_LIBRARY = "libc++";
				CLANG_ENABLE_MODULES = YES;
				CLANG_ENABLE_OBJC_ARC = YES;
				CLANG_ENABLE_OBJC_WEAK = YES;
				CLANG_WARN_BLOCK_CAPTURE_AUTORELEASING = YES;
				CLANG_WARN_BOOL_CONVERSION = YES;
				CLANG_WARN_COMMA = YES;
				CLANG_WARN_CONSTANT_CONVERSION = YES;
				CLANG_WARN_DEPRECATED_OBJC_IMPLEMENTATIONS = YES;
				CLANG_WARN_DIRECT_OBJC_ISA_USAGE = YES_ERROR;
				CLANG_WARN_DOCUMENTATION_COMMENTS = YES;
				CLANG_WARN_EMPTY_BODY = YES;
				CLANG_WARN_ENUM_CONVERSION = YES;
				CLANG_WARN_INFINITE_RECURSION = YES;
				CLANG_WARN_INT_CONVERSION = YES;
				CLANG_WARN_NON_LITERAL_NULL_CONVERSION = YES;
				CLANG_WARN_OBJC_IMPLICIT_RETAIN_SELF = YES;
				CLANG_WARN_OBJC_LITERAL_CONVERSION = YES;
				CLANG_WARN_OBJC_ROOT_CLASS = YES_ERROR;
				CLANG_WARN_QUOTED_INCLUDE_IN_FRAMEWORK_HEADER = YES;
				CLANG_WARN_RANGE_LOOP_ANALYSIS = YES;
				CLANG_WARN_STRICT_PROTOTYPES = YES;
				CLANG_WARN_SUSPICIOUS_MOVE = YES;
				CLANG_WARN_UNGUARDED_AVAILABILITY = YES_AGGRESSIVE;
				CLANG_WARN_UNREACHABLE_CODE = YES;
				CLANG_WARN__DUPLICATE_METHOD_MATCH = YES;
				COPY_PHASE_STRIP = NO;
				DEBUG_INFORMATION_FORMAT = dwarf;
				ENABLE_STRICT_OBJC_MSGSEND = YES;
				ENABLE_TESTABILITY = YES;
				GCC_C_LANGUAGE_STANDARD = gnu11;
				GCC_DYNAMIC_NO_PIC = NO;
				GCC_NO_COMMON_BLOCKS = YES;
				GCC_OPTIMIZATION_LEVEL = 0;
				GCC_PREPROCESSOR_DEFINITIONS = (
					"DEBUG=1",
					"$(inherited)",
				);
				GCC_WARN_64_TO_32_BIT_CONVERSION = YES;
				GCC_WARN_ABOUT_RETURN_TYPE = YES_ERROR;
				GCC_WARN_UNDECLARED_SELECTOR = YES;
				GCC_WARN_UNINITIALIZED_AUTOS = YES_AGGRESSIVE;
				GCC_WARN_UNUSED_FUNCTION = YES;
				GCC_WARN_UNUSED_VARIABLE = YES;
				IPHONEOS_DEPLOYMENT_TARGET = 15.0;
				MTL_ENABLE_DEBUG_INFO = INCLUDE_SOURCE;
				MTL_FAST_MATH = YES;
				ONLY_ACTIVE_ARCH = YES;
				SDKROOT = iphoneos;
				SWIFT_ACTIVE_COMPILATION_CONDITIONS = DEBUG;
				SWIFT_OPTIMIZATION_LEVEL = "-Onone";
			};
			name = Debug;
		};
		6BACD32927FA15DB00FFDDC5 /* Release */ = {
			isa = XCBuildConfiguration;
			buildSettings = {
				ALWAYS_SEARCH_USER_PATHS = NO;
				CLANG_ANALYZER_NONNULL = YES;
				CLANG_ANALYZER_NUMBER_OBJECT_CONVERSION = YES_AGGRESSIVE;
				CLANG_CXX_LANGUAGE_STANDARD = "gnu++17";
				CLANG_CXX_LIBRARY = "libc++";
				CLANG_ENABLE_MODULES = YES;
				CLANG_ENABLE_OBJC_ARC = YES;
				CLANG_ENABLE_OBJC_WEAK = YES;
				CLANG_WARN_BLOCK_CAPTURE_AUTORELEASING = YES;
				CLANG_WARN_BOOL_CONVERSION = YES;
				CLANG_WARN_COMMA = YES;
				CLANG_WARN_CONSTANT_CONVERSION = YES;
				CLANG_WARN_DEPRECATED_OBJC_IMPLEMENTATIONS = YES;
				CLANG_WARN_DIRECT_OBJC_ISA_USAGE = YES_ERROR;
				CLANG_WARN_DOCUMENTATION_COMMENTS = YES;
				CLANG_WARN_EMPTY_BODY = YES;
				CLANG_WARN_ENUM_CONVERSION = YES;
				CLANG_WARN_INFINITE_RECURSION = YES;
				CLANG_WARN_INT_CONVERSION = YES;
				CLANG_WARN_NON_LITERAL_NULL_CONVERSION = YES;
				CLANG_WARN_OBJC_IMPLICIT_RETAIN_SELF = YES;
				CLANG_WARN_OBJC_LITERAL_CONVERSION = YES;
				CLANG_WARN_OBJC_ROOT_CLASS = YES_ERROR;
				CLANG_WARN_QUOTED_INCLUDE_IN_FRAMEWORK_HEADER = YES;
				CLANG_WARN_RANGE_LOOP_ANALYSIS = YES;
				CLANG_WARN_STRICT_PROTOTYPES = YES;
				CLANG_WARN_SUSPICIOUS_MOVE = YES;
				CLANG_WARN_UNGUARDED_AVAILABILITY = YES_AGGRESSIVE;
				CLANG_WARN_UNREACHABLE_CODE = YES;
				CLANG_WARN__DUPLICATE_METHOD_MATCH = YES;
				COPY_PHASE_STRIP = NO;
				DEBUG_INFORMATION_FORMAT = "dwarf-with-dsym";
				ENABLE_NS_ASSERTIONS = NO;
				ENABLE_STRICT_OBJC_MSGSEND = YES;
				GCC_C_LANGUAGE_STANDARD = gnu11;
				GCC_NO_COMMON_BLOCKS = YES;
				GCC_WARN_64_TO_32_BIT_CONVERSION = YES;
				GCC_WARN_ABOUT_RETURN_TYPE = YES_ERROR;
				GCC_WARN_UNDECLARED_SELECTOR = YES;
				GCC_WARN_UNINITIALIZED_AUTOS = YES_AGGRESSIVE;
				GCC_WARN_UNUSED_FUNCTION = YES;
				GCC_WARN_UNUSED_VARIABLE = YES;
				IPHONEOS_DEPLOYMENT_TARGET = 15.0;
				MTL_ENABLE_DEBUG_INFO = NO;
				MTL_FAST_MATH = YES;
				SDKROOT = iphoneos;
				SWIFT_COMPILATION_MODE = wholemodule;
				SWIFT_OPTIMIZATION_LEVEL = "-O";
				VALIDATE_PRODUCT = YES;
			};
			name = Release;
		};
		6BACD32B27FA15DB00FFDDC5 /* Debug */ = {
			isa = XCBuildConfiguration;
			buildSettings = {
				ASSETCATALOG_COMPILER_APPICON_NAME = AppIcon;
				ASSETCATALOG_COMPILER_GLOBAL_ACCENT_COLOR_NAME = AccentColor;
				CODE_SIGN_STYLE = Automatic;
				CURRENT_PROJECT_VERSION = 1;
				DEVELOPMENT_TEAM = 24STU53D2Z;
				GENERATE_INFOPLIST_FILE = YES;
				INFOPLIST_FILE = "Thesis dynamic content/Application/Info.plist";
				INFOPLIST_KEY_UIApplicationSupportsIndirectInputEvents = YES;
				INFOPLIST_KEY_UILaunchStoryboardName = LaunchScreen;
				INFOPLIST_KEY_UISupportedInterfaceOrientations_iPad = "UIInterfaceOrientationPortrait UIInterfaceOrientationPortraitUpsideDown UIInterfaceOrientationLandscapeLeft UIInterfaceOrientationLandscapeRight";
				INFOPLIST_KEY_UISupportedInterfaceOrientations_iPhone = "UIInterfaceOrientationPortrait UIInterfaceOrientationLandscapeLeft UIInterfaceOrientationLandscapeRight";
				LD_RUNPATH_SEARCH_PATHS = (
					"$(inherited)",
					"@executable_path/Frameworks",
				);
				MARKETING_VERSION = 1.0;
				PRODUCT_BUNDLE_IDENTIFIER = "Erokha.Thesis-dynamic-content";
				PRODUCT_NAME = "$(TARGET_NAME)";
				SWIFT_EMIT_LOC_STRINGS = YES;
				SWIFT_VERSION = 5.0;
				TARGETED_DEVICE_FAMILY = "1,2";
			};
			name = Debug;
		};
		6BACD32C27FA15DB00FFDDC5 /* Release */ = {
			isa = XCBuildConfiguration;
			buildSettings = {
				ASSETCATALOG_COMPILER_APPICON_NAME = AppIcon;
				ASSETCATALOG_COMPILER_GLOBAL_ACCENT_COLOR_NAME = AccentColor;
				CODE_SIGN_STYLE = Automatic;
				CURRENT_PROJECT_VERSION = 1;
				DEVELOPMENT_TEAM = 24STU53D2Z;
				GENERATE_INFOPLIST_FILE = YES;
				INFOPLIST_FILE = "Thesis dynamic content/Application/Info.plist";
				INFOPLIST_KEY_UIApplicationSupportsIndirectInputEvents = YES;
				INFOPLIST_KEY_UILaunchStoryboardName = LaunchScreen;
				INFOPLIST_KEY_UISupportedInterfaceOrientations_iPad = "UIInterfaceOrientationPortrait UIInterfaceOrientationPortraitUpsideDown UIInterfaceOrientationLandscapeLeft UIInterfaceOrientationLandscapeRight";
				INFOPLIST_KEY_UISupportedInterfaceOrientations_iPhone = "UIInterfaceOrientationPortrait UIInterfaceOrientationLandscapeLeft UIInterfaceOrientationLandscapeRight";
				LD_RUNPATH_SEARCH_PATHS = (
					"$(inherited)",
					"@executable_path/Frameworks",
				);
				MARKETING_VERSION = 1.0;
				PRODUCT_BUNDLE_IDENTIFIER = "Erokha.Thesis-dynamic-content";
				PRODUCT_NAME = "$(TARGET_NAME)";
				SWIFT_EMIT_LOC_STRINGS = YES;
				SWIFT_VERSION = 5.0;
				TARGETED_DEVICE_FAMILY = "1,2";
			};
			name = Release;
		};
/* End XCBuildConfiguration section */

/* Begin XCConfigurationList section */
		6BACD31127FA15D900FFDDC5 /* Build configuration list for PBXProject "Thesis dynamic content" */ = {
			isa = XCConfigurationList;
			buildConfigurations = (
				6BACD32827FA15DB00FFDDC5 /* Debug */,
				6BACD32927FA15DB00FFDDC5 /* Release */,
			);
			defaultConfigurationIsVisible = 0;
			defaultConfigurationName = Release;
		};
		6BACD32A27FA15DB00FFDDC5 /* Build configuration list for PBXNativeTarget "Thesis dynamic content" */ = {
			isa = XCConfigurationList;
			buildConfigurations = (
				6BACD32B27FA15DB00FFDDC5 /* Debug */,
				6BACD32C27FA15DB00FFDDC5 /* Release */,
			);
			defaultConfigurationIsVisible = 0;
			defaultConfigurationName = Release;
		};
/* End XCConfigurationList section */

/* Begin XCRemoteSwiftPackageReference section */
		6BC526B927FD25100019BE5D /* XCRemoteSwiftPackageReference "Alamofire" */ = {
			isa = XCRemoteSwiftPackageReference;
			repositoryURL = "https://github.com/Alamofire/Alamofire";
			requirement = {
				kind = upToNextMajorVersion;
				minimumVersion = 5.0.0;
			};
		};
/* End XCRemoteSwiftPackageReference section */

/* Begin XCSwiftPackageProductDependency section */
		6BC526BA27FD25100019BE5D /* Alamofire */ = {
			isa = XCSwiftPackageProductDependency;
			package = 6BC526B927FD25100019BE5D /* XCRemoteSwiftPackageReference "Alamofire" */;
			productName = Alamofire;
		};
/* End XCSwiftPackageProductDependency section */
	};
	rootObject = 6BACD30E27FA15D900FFDDC5 /* Project object */;
}
